
Microsoft Visual Studio Solution File, Format Version 12.00
# Visual Studio Version 17
VisualStudioVersion = 17.0.31717.71
MinimumVisualStudioVersion = 10.0.40219.1
Project("{9A19103F-16F7-4668-BE54-9A1E7A4F7556}") = "EvalExpressions", "EvalExpressions\EvalExpressions.csproj", "{ECD12041-A85B-4339-A568-07C94A2ECCC3}"
EndProject
Project("{FAE04EC0-301F-11D3-BF4B-00C04F79EFBC}") = "EvalTest", "EvalTest\EvalTest.csproj", "{10F844EB-6E02-48A5-918B-A61A750A111B}"
EndProject
Global
	GlobalSection(SolutionConfigurationPlatforms) = preSolution
		Debug|Any CPU = Debug|Any CPU
		Release|Any CPU = Release|Any CPU
	EndGlobalSection
	GlobalSection(ProjectConfigurationPlatforms) = postSolution
		{ECD12041-A85B-4339-A568-07C94A2ECCC3}.Debug|Any CPU.ActiveCfg = Debug|Any CPU
		{ECD12041-A85B-4339-A568-07C94A2ECCC3}.Debug|Any CPU.Build.0 = Debug|Any CPU
		{ECD12041-A85B-4339-A568-07C94A2ECCC3}.Release|Any CPU.ActiveCfg = Release|Any CPU
		{ECD12041-A85B-4339-A568-07C94A2ECCC3}.Release|Any CPU.Build.0 = Release|Any CPU
		{10F844EB-6E02-48A5-918B-A61A750A111B}.Debug|Any CPU.ActiveCfg = Debug|Any CPU
		{10F844EB-6E02-48A5-918B-A61A750A111B}.Debug|Any CPU.Build.0 = Debug|Any CPU
		{10F844EB-6E02-48A5-918B-A61A750A111B}.Release|Any CPU.ActiveCfg = Release|Any CPU
		{10F844EB-6E02-48A5-918B-A61A750A111B}.Release|Any CPU.Build.0 = Release|Any CPU
	EndGlobalSection
	GlobalSection(SolutionProperties) = preSolution
		HideSolutionNode = FALSE
	EndGlobalSection
	GlobalSection(ExtensibilityGlobals) = postSolution
		SolutionGuid = {FC8A0B18-2B88-43A6-865D-BE8E52A26A92}
	EndGlobalSection
EndGlobal
